
Microsoft Visual Studio Solution File, Format Version 12.00
# Visual Studio 15
VisualStudioVersion = 15.0.27130.2027
MinimumVisualStudioVersion = 10.0.40219.1
Project("{FAE04EC0-301F-11D3-BF4B-00C04F79EFBC}") = "Stein", "Stein\Stein.csproj", "{35BA25F8-9895-4DB1-BEBE-55605DCE80FD}"
EndProject
Project("{FAE04EC0-301F-11D3-BF4B-00C04F79EFBC}") = "Stein.Services", "Stein.Services\Stein.Services.csproj", "{CCB623E3-0CC7-4A5C-B956-A591CC4BD3F5}"
EndProject
Project("{FAE04EC0-301F-11D3-BF4B-00C04F79EFBC}") = "Stein.Helpers", "Stein.Helpers\Stein.Helpers.csproj", "{8B1A8F56-1C5C-4669-B42C-57117A00D116}"
EndProject
Project("{FAE04EC0-301F-11D3-BF4B-00C04F79EFBC}") = "Stein.Helpers.Tests", "Stein.Helpers.Tests\Stein.Helpers.Tests.csproj", "{2DAF4F4B-22C0-4EE4-9F12-0233A70C03F5}"
EndProject
Project("{FAE04EC0-301F-11D3-BF4B-00C04F79EFBC}") = "Stein.Services.Tests", "Stein.Services.Tests\Stein.Services.Tests.csproj", "{67822CE5-F239-4BA9-A4D8-38F1801E72D0}"
EndProject
Project("{FAE04EC0-301F-11D3-BF4B-00C04F79EFBC}") = "Stein.Localizations", "Stein.Localizations\Stein.Localizations.csproj", "{A84BA3A1-FD2D-4255-8A5C-73AB256C8EDC}"
EndProject
Project("{FAE04EC0-301F-11D3-BF4B-00C04F79EFBC}") = "Stein.ViewModels", "Stein.ViewModels\Stein.ViewModels.csproj", "{10538F60-6022-4815-82EA-36921D746583}"
EndProject
Project("{FAE04EC0-301F-11D3-BF4B-00C04F79EFBC}") = "Stein.ViewModels.Tests", "Stein.ViewModels.Tests\Stein.ViewModels.Tests.csproj", "{DAAC1BB7-99E8-4C36-97BE-6F5CA08FBF7F}"
EndProject
Project("{FAE04EC0-301F-11D3-BF4B-00C04F79EFBC}") = "Stein.Views", "Stein.Views\Stein.Views.csproj", "{01AAC7AE-9BF5-4B7E-9CCE-0BAC08848930}"
EndProject
Project("{FAE04EC0-301F-11D3-BF4B-00C04F79EFBC}") = "Stein.Presentation", "Stein.Presentation\Stein.Presentation.csproj", "{46D38A7F-C1EE-4A83-B696-0D32BBDD069B}"
EndProject
Global
	GlobalSection(SolutionConfigurationPlatforms) = preSolution
		Debug|Any CPU = Debug|Any CPU
		Debug|x64 = Debug|x64
		Release|Any CPU = Release|Any CPU
		Release|x64 = Release|x64
	EndGlobalSection
	GlobalSection(ProjectConfigurationPlatforms) = postSolution
		{35BA25F8-9895-4DB1-BEBE-55605DCE80FD}.Debug|Any CPU.ActiveCfg = Debug|Any CPU
		{35BA25F8-9895-4DB1-BEBE-55605DCE80FD}.Debug|Any CPU.Build.0 = Debug|Any CPU
		{35BA25F8-9895-4DB1-BEBE-55605DCE80FD}.Debug|x64.ActiveCfg = Debug|x64
		{35BA25F8-9895-4DB1-BEBE-55605DCE80FD}.Debug|x64.Build.0 = Debug|x64
		{35BA25F8-9895-4DB1-BEBE-55605DCE80FD}.Release|Any CPU.ActiveCfg = Release|Any CPU
		{35BA25F8-9895-4DB1-BEBE-55605DCE80FD}.Release|Any CPU.Build.0 = Release|Any CPU
		{35BA25F8-9895-4DB1-BEBE-55605DCE80FD}.Release|x64.ActiveCfg = Release|x64
		{35BA25F8-9895-4DB1-BEBE-55605DCE80FD}.Release|x64.Build.0 = Release|x64
		{CCB623E3-0CC7-4A5C-B956-A591CC4BD3F5}.Debug|Any CPU.ActiveCfg = Debug|Any CPU
		{CCB623E3-0CC7-4A5C-B956-A591CC4BD3F5}.Debug|Any CPU.Build.0 = Debug|Any CPU
		{CCB623E3-0CC7-4A5C-B956-A591CC4BD3F5}.Debug|x64.ActiveCfg = Debug|Any CPU
		{CCB623E3-0CC7-4A5C-B956-A591CC4BD3F5}.Debug|x64.Build.0 = Debug|Any CPU
		{CCB623E3-0CC7-4A5C-B956-A591CC4BD3F5}.Release|Any CPU.ActiveCfg = Release|Any CPU
		{CCB623E3-0CC7-4A5C-B956-A591CC4BD3F5}.Release|Any CPU.Build.0 = Release|Any CPU
		{CCB623E3-0CC7-4A5C-B956-A591CC4BD3F5}.Release|x64.ActiveCfg = Release|Any CPU
		{CCB623E3-0CC7-4A5C-B956-A591CC4BD3F5}.Release|x64.Build.0 = Release|Any CPU
		{8B1A8F56-1C5C-4669-B42C-57117A00D116}.Debug|Any CPU.ActiveCfg = Debug|Any CPU
		{8B1A8F56-1C5C-4669-B42C-57117A00D116}.Debug|Any CPU.Build.0 = Debug|Any CPU
		{8B1A8F56-1C5C-4669-B42C-57117A00D116}.Debug|x64.ActiveCfg = Debug|Any CPU
		{8B1A8F56-1C5C-4669-B42C-57117A00D116}.Debug|x64.Build.0 = Debug|Any CPU
		{8B1A8F56-1C5C-4669-B42C-57117A00D116}.Release|Any CPU.ActiveCfg = Release|Any CPU
		{8B1A8F56-1C5C-4669-B42C-57117A00D116}.Release|Any CPU.Build.0 = Release|Any CPU
		{8B1A8F56-1C5C-4669-B42C-57117A00D116}.Release|x64.ActiveCfg = Release|Any CPU
		{8B1A8F56-1C5C-4669-B42C-57117A00D116}.Release|x64.Build.0 = Release|Any CPU
		{2DAF4F4B-22C0-4EE4-9F12-0233A70C03F5}.Debug|Any CPU.ActiveCfg = Debug|Any CPU
		{2DAF4F4B-22C0-4EE4-9F12-0233A70C03F5}.Debug|Any CPU.Build.0 = Debug|Any CPU
		{2DAF4F4B-22C0-4EE4-9F12-0233A70C03F5}.Debug|x64.ActiveCfg = Debug|Any CPU
		{2DAF4F4B-22C0-4EE4-9F12-0233A70C03F5}.Debug|x64.Build.0 = Debug|Any CPU
		{2DAF4F4B-22C0-4EE4-9F12-0233A70C03F5}.Release|Any CPU.ActiveCfg = Release|Any CPU
		{2DAF4F4B-22C0-4EE4-9F12-0233A70C03F5}.Release|Any CPU.Build.0 = Release|Any CPU
		{2DAF4F4B-22C0-4EE4-9F12-0233A70C03F5}.Release|x64.ActiveCfg = Release|Any CPU
		{2DAF4F4B-22C0-4EE4-9F12-0233A70C03F5}.Release|x64.Build.0 = Release|Any CPU
		{67822CE5-F239-4BA9-A4D8-38F1801E72D0}.Debug|Any CPU.ActiveCfg = Debug|Any CPU
		{67822CE5-F239-4BA9-A4D8-38F1801E72D0}.Debug|Any CPU.Build.0 = Debug|Any CPU
		{67822CE5-F239-4BA9-A4D8-38F1801E72D0}.Debug|x64.ActiveCfg = Debug|Any CPU
		{67822CE5-F239-4BA9-A4D8-38F1801E72D0}.Debug|x64.Build.0 = Debug|Any CPU
		{67822CE5-F239-4BA9-A4D8-38F1801E72D0}.Release|Any CPU.ActiveCfg = Release|Any CPU
		{67822CE5-F239-4BA9-A4D8-38F1801E72D0}.Release|Any CPU.Build.0 = Release|Any CPU
		{67822CE5-F239-4BA9-A4D8-38F1801E72D0}.Release|x64.ActiveCfg = Release|Any CPU
		{67822CE5-F239-4BA9-A4D8-38F1801E72D0}.Release|x64.Build.0 = Release|Any CPU
		{A84BA3A1-FD2D-4255-8A5C-73AB256C8EDC}.Debug|Any CPU.ActiveCfg = Debug|Any CPU
		{A84BA3A1-FD2D-4255-8A5C-73AB256C8EDC}.Debug|Any CPU.Build.0 = Debug|Any CPU
		{A84BA3A1-FD2D-4255-8A5C-73AB256C8EDC}.Debug|x64.ActiveCfg = Debug|Any CPU
		{A84BA3A1-FD2D-4255-8A5C-73AB256C8EDC}.Debug|x64.Build.0 = Debug|Any CPU
		{A84BA3A1-FD2D-4255-8A5C-73AB256C8EDC}.Release|Any CPU.ActiveCfg = Release|Any CPU
		{A84BA3A1-FD2D-4255-8A5C-73AB256C8EDC}.Release|Any CPU.Build.0 = Release|Any CPU
		{A84BA3A1-FD2D-4255-8A5C-73AB256C8EDC}.Release|x64.ActiveCfg = Release|Any CPU
		{A84BA3A1-FD2D-4255-8A5C-73AB256C8EDC}.Release|x64.Build.0 = Release|Any CPU
		{10538F60-6022-4815-82EA-36921D746583}.Debug|Any CPU.ActiveCfg = Debug|Any CPU
		{10538F60-6022-4815-82EA-36921D746583}.Debug|Any CPU.Build.0 = Debug|Any CPU
		{10538F60-6022-4815-82EA-36921D746583}.Debug|x64.ActiveCfg = Debug|Any CPU
		{10538F60-6022-4815-82EA-36921D746583}.Debug|x64.Build.0 = Debug|Any CPU
		{10538F60-6022-4815-82EA-36921D746583}.Release|Any CPU.ActiveCfg = Release|Any CPU
		{10538F60-6022-4815-82EA-36921D746583}.Release|Any CPU.Build.0 = Release|Any CPU
		{10538F60-6022-4815-82EA-36921D746583}.Release|x64.ActiveCfg = Release|Any CPU
		{10538F60-6022-4815-82EA-36921D746583}.Release|x64.Build.0 = Release|Any CPU
		{DAAC1BB7-99E8-4C36-97BE-6F5CA08FBF7F}.Debug|Any CPU.ActiveCfg = Debug|Any CPU
		{DAAC1BB7-99E8-4C36-97BE-6F5CA08FBF7F}.Debug|Any CPU.Build.0 = Debug|Any CPU
		{DAAC1BB7-99E8-4C36-97BE-6F5CA08FBF7F}.Debug|x64.ActiveCfg = Debug|Any CPU
		{DAAC1BB7-99E8-4C36-97BE-6F5CA08FBF7F}.Debug|x64.Build.0 = Debug|Any CPU
		{DAAC1BB7-99E8-4C36-97BE-6F5CA08FBF7F}.Release|Any CPU.ActiveCfg = Release|Any CPU
		{DAAC1BB7-99E8-4C36-97BE-6F5CA08FBF7F}.Release|Any CPU.Build.0 = Release|Any CPU
		{DAAC1BB7-99E8-4C36-97BE-6F5CA08FBF7F}.Release|x64.ActiveCfg = Release|Any CPU
		{DAAC1BB7-99E8-4C36-97BE-6F5CA08FBF7F}.Release|x64.Build.0 = Release|Any CPU
		{01AAC7AE-9BF5-4B7E-9CCE-0BAC08848930}.Debug|Any CPU.ActiveCfg = Debug|Any CPU
		{01AAC7AE-9BF5-4B7E-9CCE-0BAC08848930}.Debug|Any CPU.Build.0 = Debug|Any CPU
		{01AAC7AE-9BF5-4B7E-9CCE-0BAC08848930}.Debug|x64.ActiveCfg = Debug|Any CPU
		{01AAC7AE-9BF5-4B7E-9CCE-0BAC08848930}.Debug|x64.Build.0 = Debug|Any CPU
		{01AAC7AE-9BF5-4B7E-9CCE-0BAC08848930}.Release|Any CPU.ActiveCfg = Release|Any CPU
		{01AAC7AE-9BF5-4B7E-9CCE-0BAC08848930}.Release|Any CPU.Build.0 = Release|Any CPU
		{01AAC7AE-9BF5-4B7E-9CCE-0BAC08848930}.Release|x64.ActiveCfg = Release|Any CPU
		{01AAC7AE-9BF5-4B7E-9CCE-0BAC08848930}.Release|x64.Build.0 = Release|Any CPU
		{46D38A7F-C1EE-4A83-B696-0D32BBDD069B}.Debug|Any CPU.ActiveCfg = Debug|Any CPU
		{46D38A7F-C1EE-4A83-B696-0D32BBDD069B}.Debug|Any CPU.Build.0 = Debug|Any CPU
		{46D38A7F-C1EE-4A83-B696-0D32BBDD069B}.Debug|x64.ActiveCfg = Debug|Any CPU
		{46D38A7F-C1EE-4A83-B696-0D32BBDD069B}.Debug|x64.Build.0 = Debug|Any CPU
		{46D38A7F-C1EE-4A83-B696-0D32BBDD069B}.Release|Any CPU.ActiveCfg = Release|Any CPU
		{46D38A7F-C1EE-4A83-B696-0D32BBDD069B}.Release|Any CPU.Build.0 = Release|Any CPU
		{46D38A7F-C1EE-4A83-B696-0D32BBDD069B}.Release|x64.ActiveCfg = Release|Any CPU
		{46D38A7F-C1EE-4A83-B696-0D32BBDD069B}.Release|x64.Build.0 = Release|Any CPU
	EndGlobalSection
	GlobalSection(SolutionProperties) = preSolution
		HideSolutionNode = FALSE
	EndGlobalSection
	GlobalSection(ExtensibilityGlobals) = postSolution
		SolutionGuid = {B001980D-6FB8-4630-946D-CB53B7C69338}
	EndGlobalSection
EndGlobal
